{
  "name": "l7v-stack",
  "version": "0.1.0",
  "lockfileVersion": 3,
  "requires": true,
  "packages": {
    "": {
      "name": "l7v-stack",
      "version": "0.1.0",
      "license": "MIT",
      "dependencies": {
        "l7v-cli": "file:../l7v-cli",
        "l7v-config": "file:../l7v-config",
        "l7v-core": "file:../l7v-core"
      },
      "bin": {
        "l7v-stack": "apps/index.js"
      },
      "engines": {
        "node": ">=18"
      }
    },
    "../l7v-cli": {
      "version": "0.1.0",
      "license": "MIT",
      "bin": {
        "l7v-cli": "apps/index.js"
      },
      "engines": {
        "node": ">=18"
      }
    },
    "../l7v-config": {
      "version": "0.1.0",
      "license": "MIT",
      "engines": {
        "node": ">=18"
      }
    },
    "../l7v-core": {
      "version": "0.1.0",
      "license": "MIT",
      "engines": {
        "node": ">=18"
      }
    },
    "node_modules/l7v-cli": {
      "resolved": "../l7v-cli",
      "link": true
    },
    "node_modules/l7v-config": {
      "resolved": "../l7v-config",
      "link": true
    },
    "node_modules/l7v-core": {
      "resolved": "../l7v-core",
      "link": true
    }
  }
}
